<?xml version="1.0" encoding="utf-8"?>
<Project ToolsVersion="4.0" xmlns="http://schemas.microsoft.com/developer/msbuild/2003">
  <ItemGroup>
    <ClCompile Include="..\..\..\..\..\temp\gl3w\src\gl3w.c">
      <Filter>Source files</Filter>
    </ClCompile>
    <ClCompile Include="LambertianMaterial.cpp">
      <Filter>Source files\Materials</Filter>
    </ClCompile>
    <ClCompile Include="Material.cpp">
      <Filter>Source files\Materials</Filter>
    </ClCompile>
    <ClCompile Include="Vector3.cpp">
      <Filter>Source files\Math</Filter>
    </ClCompile>
    <ClCompile Include="Vector2.cpp">
      <Filter>Source files\Math</Filter>
    </ClCompile>
    <ClCompile Include="Matrix4.cpp">
      <Filter>Source files\Math</Filter>
    </ClCompile>
    <ClCompile Include="TextureMaterial.cpp">
      <Filter>Source files\Materials</Filter>
    </ClCompile>
    <ClCompile Include="Scene.cpp">
      <Filter>Source files\Scene</Filter>
    </ClCompile>
    <ClCompile Include="Camera.cpp">
      <Filter>Source files\Scene</Filter>
    </ClCompile>
    <ClCompile Include="Main.cpp">
      <Filter>Source files\System</Filter>
    </ClCompile>
    <ClCompile Include="InputManager.cpp">
      <Filter>Source files\System</Filter>
    </ClCompile>
    <ClCompile Include="Logger.cpp">
      <Filter>Source files\System</Filter>
    </ClCompile>
    <ClCompile Include="Utils.cpp">
      <Filter>Source files\Utils</Filter>
    </ClCompile>
    <ClCompile Include="Terrain.cpp">
      <Filter>Source files\Scene</Filter>
    </ClCompile>
    <ClCompile Include="CameraControl.cpp">
      <Filter>Source files\Scene</Filter>
    </ClCompile>
    <ClCompile Include="Ray.cpp">
      <Filter>Source files\Math</Filter>
    </ClCompile>
    <ClCompile Include="Math.cpp">
      <Filter>Source files\Math</Filter>
    </ClCompile>
    <ClCompile Include="TerrainMaterial.cpp">
      <Filter>Source files\Materials</Filter>
    </ClCompile>
    <ClCompile Include="UserInterface.cpp">
      <Filter>Source files\Scene</Filter>
    </ClCompile>
    <ClCompile Include="LineMaterial.cpp">
      <Filter>Source files\Materials</Filter>
    </ClCompile>
    <ClCompile Include="SelectionDecalMaterial.cpp">
      <Filter>Source files\Materials</Filter>
    </ClCompile>
    <ClCompile Include="GeometryUtils.cpp">
      <Filter>Source files\Utils</Filter>
    </ClCompile>
    <ClCompile Include="Shader.cpp">
      <Filter>Source files\Materials</Filter>
    </ClCompile>
    <ClCompile Include="ShaderProgram.cpp">
      <Filter>Source files\Materials</Filter>
    </ClCompile>
    <ClCompile Include="ShaderProgramManager.cpp">
      <Filter>Source files\Materials</Filter>
    </ClCompile>
    <ClCompile Include="Polysolver.cpp">
      <Filter>Source files\Math</Filter>
    </ClCompile>
    <ClCompile Include="ProjectileMaterial.cpp">
      <Filter>Source files\Materials</Filter>
    </ClCompile>
    <ClCompile Include="PointLight.cpp">
      <Filter>Source files\Scene</Filter>
    </ClCompile>
    <ClCompile Include="Vector4.cpp">
      <Filter>Source files\Math</Filter>
    </ClCompile>
    <ClCompile Include="Text.cpp">
      <Filter>Source files\Utils</Filter>
    </ClCompile>
    <ClCompile Include="TexturedTerrainMaterial.cpp">
      <Filter>Source files\Materials</Filter>
    </ClCompile>
    <ClCompile Include="Input.cpp">
      <Filter>Source files\System</Filter>
    </ClCompile>
    <ClCompile Include="Parser.cpp">
      <Filter>Source files\Utils</Filter>
    </ClCompile>
    <ClCompile Include="Mesh.cpp">
      <Filter>Source files\Entities\Models</Filter>
    </ClCompile>
    <ClCompile Include="Mesh3d.cpp">
      <Filter>Source files\Entities\Models</Filter>
    </ClCompile>
    <ClCompile Include="Model3d.cpp">
      <Filter>Source files\Entities\Models</Filter>
    </ClCompile>
    <ClCompile Include="Vertex3d.cpp">
      <Filter>Source files\Entities\Models</Filter>
    </ClCompile>
    <ClCompile Include="SelectionMarkerMesh.cpp">
      <Filter>Source files\Entities\Models</Filter>
    </ClCompile>
    <ClCompile Include="SelectionMarkerModel.cpp">
      <Filter>Source files\Entities\Models</Filter>
    </ClCompile>
    <ClCompile Include="Line.cpp">
      <Filter>Source files\Entities\Models</Filter>
    </ClCompile>
    <ClCompile Include="LineMesh3d.cpp">
      <Filter>Source files\Entities\Models</Filter>
    </ClCompile>
    <ClCompile Include="TerrainMesh.cpp">
      <Filter>Source files\Entities\Models</Filter>
    </ClCompile>
    <ClCompile Include="Entity.cpp">
      <Filter>Source files\Entities\Entities</Filter>
    </ClCompile>
    <ClCompile Include="Particle.cpp">
      <Filter>Source files\Entities\Entities</Filter>
    </ClCompile>
    <ClCompile Include="Projectile.cpp">
      <Filter>Source files\Entities\Entities</Filter>
    </ClCompile>
    <ClCompile Include="Tank.cpp">
      <Filter>Source files\Entities\Entities</Filter>
    </ClCompile>
    <ClCompile Include="Unit.cpp">
      <Filter>Source files\Entities\Entities</Filter>
    </ClCompile>
    <ClCompile Include="BoundingBox.cpp">
      <Filter>Source files\Math</Filter>
    </ClCompile>
    <ClCompile Include="PathFinding.cpp">
      <Filter>Source files\Utils</Filter>
    </ClCompile>
    <ClCompile Include="TankWreck.cpp">
      <Filter>Source files\Entities\Entities</Filter>
    </ClCompile>
    <ClCompile Include="Primitives.cpp">
      <Filter>Source files\Utils</Filter>
    </ClCompile>
    <ClCompile Include="ShapeDrawer.cpp">
      <Filter>Source files\Scene</Filter>
    </ClCompile>
    <ClCompile Include="Console.cpp">
      <Filter>Source files\Scene</Filter>
    </ClCompile>
    <ClCompile Include="ConsoleSettings.cpp">
      <Filter>Source files\Scene</Filter>
    </ClCompile>
    <ClCompile Include="DebugDraw.cpp">
      <Filter>Source files\System</Filter>
    </ClCompile>
  </ItemGroup>
  <ItemGroup>
    <ClInclude Include="LambertianMaterial.h">
      <Filter>Source files\Materials</Filter>
    </ClInclude>
    <ClInclude Include="Material.h">
      <Filter>Source files\Materials</Filter>
    </ClInclude>
    <ClInclude Include="Vector3.h">
      <Filter>Source files\Math</Filter>
    </ClInclude>
    <ClInclude Include="Vector2.h">
      <Filter>Source files\Math</Filter>
    </ClInclude>
    <ClInclude Include="Matrix4.h">
      <Filter>Source files\Math</Filter>
    </ClInclude>
    <ClInclude Include="TextureMaterial.h">
      <Filter>Source files\Materials</Filter>
    </ClInclude>
    <ClInclude Include="Scene.h">
      <Filter>Source files\Scene</Filter>
    </ClInclude>
    <ClInclude Include="Camera.h">
      <Filter>Source files\Scene</Filter>
    </ClInclude>
    <ClInclude Include="InputManager.h">
      <Filter>Source files\System</Filter>
    </ClInclude>
    <ClInclude Include="Logger.h">
      <Filter>Source files\System</Filter>
    </ClInclude>
    <ClInclude Include="Utils.h">
      <Filter>Source files\Utils</Filter>
    </ClInclude>
    <ClInclude Include="Terrain.h">
      <Filter>Source files\Scene</Filter>
    </ClInclude>
    <ClInclude Include="CameraControl.h">
      <Filter>Source files\Scene</Filter>
    </ClInclude>
    <ClInclude Include="Ray.h">
      <Filter>Source files\Math</Filter>
    </ClInclude>
    <ClInclude Include="Math.h">
      <Filter>Source files\Math</Filter>
    </ClInclude>
    <ClInclude Include="TerrainMaterial.h">
      <Filter>Source files\Materials</Filter>
    </ClInclude>
    <ClInclude Include="UserInterface.h">
      <Filter>Source files\Scene</Filter>
    </ClInclude>
    <ClInclude Include="LineMaterial.h">
      <Filter>Source files\Materials</Filter>
    </ClInclude>
    <ClInclude Include="Main.h">
      <Filter>Source files\System</Filter>
    </ClInclude>
    <ClInclude Include="SelectionDecalMaterial.h">
      <Filter>Source files\Materials</Filter>
    </ClInclude>
    <ClInclude Include="GeometryUtils.h">
      <Filter>Source files\Utils</Filter>
    </ClInclude>
    <ClInclude Include="Shader.h">
      <Filter>Source files\Materials</Filter>
    </ClInclude>
    <ClInclude Include="ShaderProgram.h">
      <Filter>Source files\Materials</Filter>
    </ClInclude>
    <ClInclude Include="ShaderProgramManager.h">
      <Filter>Source files\Materials</Filter>
    </ClInclude>
    <ClInclude Include="Polysolver.h">
      <Filter>Source files\Math</Filter>
    </ClInclude>
    <ClInclude Include="ProjectileMaterial.h">
      <Filter>Source files\Materials</Filter>
    </ClInclude>
    <ClInclude Include="PointLight.h">
      <Filter>Source files\Scene</Filter>
    </ClInclude>
    <ClInclude Include="Vector4.h">
      <Filter>Source files\Math</Filter>
    </ClInclude>
    <ClInclude Include="Text.h">
      <Filter>Source files\Utils</Filter>
    </ClInclude>
    <ClInclude Include="TexturedTerrainMaterial.h">
      <Filter>Source files\Materials</Filter>
    </ClInclude>
    <ClInclude Include="Input.h">
      <Filter>Source files\System</Filter>
    </ClInclude>
    <ClInclude Include="Parser.h">
      <Filter>Source files\Utils</Filter>
    </ClInclude>
    <ClInclude Include="Mesh.h">
      <Filter>Source files\Entities\Models</Filter>
    </ClInclude>
    <ClInclude Include="Mesh3d.h">
      <Filter>Source files\Entities\Models</Filter>
    </ClInclude>
    <ClInclude Include="Model3d.h">
      <Filter>Source files\Entities\Models</Filter>
    </ClInclude>
    <ClInclude Include="Vertex3d.h">
      <Filter>Source files\Entities\Models</Filter>
    </ClInclude>
    <ClInclude Include="SelectionMarkerModel.h">
      <Filter>Source files\Entities\Models</Filter>
    </ClInclude>
    <ClInclude Include="SelectionMarkerMesh.h">
      <Filter>Source files\Entities\Models</Filter>
    </ClInclude>
    <ClInclude Include="LineMesh3d.h">
      <Filter>Source files\Entities\Models</Filter>
    </ClInclude>
    <ClInclude Include="Line.h">
      <Filter>Source files\Entities\Models</Filter>
    </ClInclude>
    <ClInclude Include="TerrainMesh.h">
      <Filter>Source files\Entities\Models</Filter>
    </ClInclude>
    <ClInclude Include="Entity.h">
      <Filter>Source files\Entities\Entities</Filter>
    </ClInclude>
    <ClInclude Include="Particle.h">
      <Filter>Source files\Entities\Entities</Filter>
    </ClInclude>
    <ClInclude Include="Projectile.h">
      <Filter>Source files\Entities\Entities</Filter>
    </ClInclude>
    <ClInclude Include="Tank.h">
      <Filter>Source files\Entities\Entities</Filter>
    </ClInclude>
    <ClInclude Include="Unit.h">
      <Filter>Source files\Entities\Entities</Filter>
    </ClInclude>
    <ClInclude Include="BoundingBox.h">
      <Filter>Source files\Math</Filter>
    </ClInclude>
    <ClInclude Include="PathFinding.h">
      <Filter>Source files\Utils</Filter>
    </ClInclude>
    <ClInclude Include="TankWreck.h">
      <Filter>Source files\Entities\Entities</Filter>
    </ClInclude>
    <ClInclude Include="Primitives.h">
      <Filter>Source files\Utils</Filter>
    </ClInclude>
    <ClInclude Include="ShapeDrawer.h">
      <Filter>Source files\Scene</Filter>
    </ClInclude>
    <ClInclude Include="Console.h">
      <Filter>Source files\Scene</Filter>
    </ClInclude>
    <ClInclude Include="ConsoleSettings.h">
      <Filter>Source files\Scene</Filter>
    </ClInclude>
    <ClInclude Include="DebugDraw.h">
      <Filter>Source files\System</Filter>
    </ClInclude>
  </ItemGroup>
  <ItemGroup>
    <None Include="lambertian.frag">
      <Filter>Shaders\Fragment shaders</Filter>
    </None>
    <None Include="vertexShader.vert">
      <Filter>Shaders\Vertex shaders</Filter>
    </None>
    <None Include="texture.frag">
      <Filter>Shaders\Fragment shaders</Filter>
    </None>
    <None Include="geometryShader.geom">
      <Filter>Shaders\Geometry shaders</Filter>
    </None>
    <None Include="line.frag">
      <Filter>Shaders\Fragment shaders</Filter>
    </None>
    <None Include="line.vert">
      <Filter>Shaders\Vertex shaders</Filter>
    </None>
    <None Include="terrain.frag">
      <Filter>Shaders\Fragment shaders</Filter>
    </None>
    <None Include="terrain.vert">
      <Filter>Shaders\Vertex shaders</Filter>
    </None>
    <None Include="lineModel.vert">
      <Filter>Shaders\Vertex shaders</Filter>
    </None>
    <None Include="selectionMaterial.frag">
      <Filter>Shaders\Fragment shaders</Filter>
    </None>
    <None Include="projectileMaterial.frag">
      <Filter>Shaders\Fragment shaders</Filter>
    </None>
    <None Include="particle.vert">
      <Filter>Shaders\Vertex shaders</Filter>
    </None>
    <None Include="particle.geom">
      <Filter>Shaders\Geometry shaders</Filter>
    </None>
    <None Include="particle.frag">
      <Filter>Shaders\Fragment shaders</Filter>
    </None>
    <None Include="texturedTerrain.frag">
      <Filter>Shaders\Fragment shaders</Filter>
    </None>
    <None Include="signShader.frag">
      <Filter>Shaders\Fragment shaders</Filter>
    </None>
    <None Include="console.frag">
      <Filter>Shaders\Fragment shaders</Filter>
    </None>
  </ItemGroup>
  <ItemGroup>
    <Filter Include="Shaders">
      <UniqueIdentifier>{fe5adafa-5a5e-4fad-87d1-56995bffe05e}</UniqueIdentifier>
    </Filter>
    <Filter Include="Source files">
      <UniqueIdentifier>{48100221-30ac-4c20-bf8c-bf7e7808cdf6}</UniqueIdentifier>
    </Filter>
    <Filter Include="Source files\Materials">
      <UniqueIdentifier>{939fbeba-4a24-44a7-bbee-47dd888bc68c}</UniqueIdentifier>
    </Filter>
    <Filter Include="Source files\Math">
      <UniqueIdentifier>{13fc9ec7-6edb-4159-b632-313f0891eb2c}</UniqueIdentifier>
    </Filter>
    <Filter Include="Shaders\Fragment shaders">
      <UniqueIdentifier>{83966e35-4a7a-4aed-80e0-97cab93b427d}</UniqueIdentifier>
    </Filter>
    <Filter Include="Shaders\Vertex shaders">
      <UniqueIdentifier>{57c7a282-1cfb-4e98-aa9e-2f06e719110b}</UniqueIdentifier>
    </Filter>
    <Filter Include="Source files\Scene">
      <UniqueIdentifier>{99a7cf4b-4382-4db5-a3e2-d1e974a9dd51}</UniqueIdentifier>
    </Filter>
    <Filter Include="Source files\System">
      <UniqueIdentifier>{df516111-cb2d-4926-96e9-12a3cf452ba4}</UniqueIdentifier>
    </Filter>
    <Filter Include="Source files\Utils">
      <UniqueIdentifier>{ee1b7728-0fa5-41fc-a3a8-ad4a7c831ce1}</UniqueIdentifier>
    </Filter>
    <Filter Include="Shaders\Geometry shaders">
      <UniqueIdentifier>{fe5ba678-c725-47a5-99b3-ce253a562f60}</UniqueIdentifier>
    </Filter>
    <Filter Include="Source files\Entities">
      <UniqueIdentifier>{56ebef11-3089-49c4-8c17-9ff355ced8a4}</UniqueIdentifier>
    </Filter>
    <Filter Include="Source files\Entities\Models">
      <UniqueIdentifier>{2be68ce0-d7ee-49de-a483-dc9fdacf59ee}</UniqueIdentifier>
    </Filter>
    <Filter Include="Source files\Entities\Entities">
      <UniqueIdentifier>{b64539a5-145c-4e1d-b85a-651396f741b6}</UniqueIdentifier>
    </Filter>
  </ItemGroup>
</Project>